
Microsoft Visual Studio Solution File, Format Version 12.00
# Visual Studio 2012
Project("{D954291E-2A0B-460D-934E-DC6B0785DB48}") = "IEatHealthy", "IEatHealthy\IEatHealthy.shproj", "{8C33B8BB-352D-4C6A-B21A-E73E96174084}"
EndProject
Project("{FAE04EC0-301F-11D3-BF4B-00C04F79EFBC}") = "IEatHealthy.iOS", "iOS\IEatHealthy.iOS.csproj", "{C2E903DD-CDDC-4AE6-AFDE-B54511A5E1C0}"
EndProject
Project("{FAE04EC0-301F-11D3-BF4B-00C04F79EFBC}") = "IEatHealthy.Droid", "Droid\IEatHealthy.Droid.csproj", "{C6F1CF93-8353-4D9A-BB97-8A4553483B4B}"
EndProject
Global
	GlobalSection(SolutionConfigurationPlatforms) = preSolution
		Debug|iPhoneSimulator = Debug|iPhoneSimulator
		Release|iPhone = Release|iPhone
		Release|iPhoneSimulator = Release|iPhoneSimulator
		Debug|iPhone = Debug|iPhone
		Debug|Any CPU = Debug|Any CPU
		Release|Any CPU = Release|Any CPU
	EndGlobalSection
	GlobalSection(ProjectConfigurationPlatforms) = postSolution
		{C2E903DD-CDDC-4AE6-AFDE-B54511A5E1C0}.Debug|iPhoneSimulator.ActiveCfg = Debug|iPhoneSimulator
		{C2E903DD-CDDC-4AE6-AFDE-B54511A5E1C0}.Debug|iPhoneSimulator.Build.0 = Debug|iPhoneSimulator
		{C2E903DD-CDDC-4AE6-AFDE-B54511A5E1C0}.Release|iPhone.ActiveCfg = Release|iPhone
		{C2E903DD-CDDC-4AE6-AFDE-B54511A5E1C0}.Release|iPhone.Build.0 = Release|iPhone
		{C2E903DD-CDDC-4AE6-AFDE-B54511A5E1C0}.Release|iPhoneSimulator.ActiveCfg = Release|iPhoneSimulator
		{C2E903DD-CDDC-4AE6-AFDE-B54511A5E1C0}.Release|iPhoneSimulator.Build.0 = Release|iPhoneSimulator
		{C2E903DD-CDDC-4AE6-AFDE-B54511A5E1C0}.Debug|iPhone.ActiveCfg = Debug|iPhone
		{C2E903DD-CDDC-4AE6-AFDE-B54511A5E1C0}.Debug|iPhone.Build.0 = Debug|iPhone
		{C2E903DD-CDDC-4AE6-AFDE-B54511A5E1C0}.Debug|Any CPU.ActiveCfg = Debug|iPhoneSimulator
		{C2E903DD-CDDC-4AE6-AFDE-B54511A5E1C0}.Debug|Any CPU.Build.0 = Debug|iPhoneSimulator
		{C2E903DD-CDDC-4AE6-AFDE-B54511A5E1C0}.Release|Any CPU.ActiveCfg = Release|iPhone
		{C2E903DD-CDDC-4AE6-AFDE-B54511A5E1C0}.Release|Any CPU.Build.0 = Release|iPhone
		{C6F1CF93-8353-4D9A-BB97-8A4553483B4B}.Debug|iPhoneSimulator.ActiveCfg = Debug|Any CPU
		{C6F1CF93-8353-4D9A-BB97-8A4553483B4B}.Debug|iPhoneSimulator.Build.0 = Debug|Any CPU
		{C6F1CF93-8353-4D9A-BB97-8A4553483B4B}.Release|iPhone.ActiveCfg = Release|Any CPU
		{C6F1CF93-8353-4D9A-BB97-8A4553483B4B}.Release|iPhone.Build.0 = Release|Any CPU
		{C6F1CF93-8353-4D9A-BB97-8A4553483B4B}.Release|iPhoneSimulator.ActiveCfg = Release|Any CPU
		{C6F1CF93-8353-4D9A-BB97-8A4553483B4B}.Release|iPhoneSimulator.Build.0 = Release|Any CPU
		{C6F1CF93-8353-4D9A-BB97-8A4553483B4B}.Debug|iPhone.ActiveCfg = Debug|Any CPU
		{C6F1CF93-8353-4D9A-BB97-8A4553483B4B}.Debug|iPhone.Build.0 = Debug|Any CPU
		{C6F1CF93-8353-4D9A-BB97-8A4553483B4B}.Debug|Any CPU.ActiveCfg = Debug|Any CPU
		{C6F1CF93-8353-4D9A-BB97-8A4553483B4B}.Debug|Any CPU.Build.0 = Debug|Any CPU
		{C6F1CF93-8353-4D9A-BB97-8A4553483B4B}.Release|Any CPU.ActiveCfg = Release|Any CPU
		{C6F1CF93-8353-4D9A-BB97-8A4553483B4B}.Release|Any CPU.Build.0 = Release|Any CPU
	EndGlobalSection
EndGlobal
